
Microsoft Visual Studio Solution File, Format Version 12.00
# Visual Studio Version 17
VisualStudioVersion = 17.10.35013.160
MinimumVisualStudioVersion = 10.0.40219.1
Project("{FAE04EC0-301F-11D3-BF4B-00C04F79EFBC}") = "examen 2 parcial", "examen 2 parcial.csproj", "{886F4A1D-B42C-4E2E-96D9-9B61DFB6873B}"
EndProject
Global
	GlobalSection(SolutionConfigurationPlatforms) = preSolution
		Debug|Any CPU = Debug|Any CPU
		Release|Any CPU = Release|Any CPU
	EndGlobalSection
	GlobalSection(ProjectConfigurationPlatforms) = postSolution
		{886F4A1D-B42C-4E2E-96D9-9B61DFB6873B}.Debug|Any CPU.ActiveCfg = Debug|Any CPU
		{886F4A1D-B42C-4E2E-96D9-9B61DFB6873B}.Debug|Any CPU.Build.0 = Debug|Any CPU
		{886F4A1D-B42C-4E2E-96D9-9B61DFB6873B}.Release|Any CPU.ActiveCfg = Release|Any CPU
		{886F4A1D-B42C-4E2E-96D9-9B61DFB6873B}.Release|Any CPU.Build.0 = Release|Any CPU
	EndGlobalSection
	GlobalSection(SolutionProperties) = preSolution
		HideSolutionNode = FALSE
	EndGlobalSection
	GlobalSection(ExtensibilityGlobals) = postSolution
		SolutionGuid = {21A05F64-34E1-44E6-9CEF-20398C38325D}
	EndGlobalSection
EndGlobal
